
Microsoft Visual Studio Solution File, Format Version 12.00
# Visual Studio Version 17
VisualStudioVersion = 17.5.33530.505
MinimumVisualStudioVersion = 10.0.40219.1
Project("{FAE04EC0-301F-11D3-BF4B-00C04F79EFBC}") = "q2.NIkhil.oop", "q2.NIkhil.oop.csproj", "{7582BC9B-F7C5-4B3A-B140-2BEE96E2050A}"
EndProject
Global
	GlobalSection(SolutionConfigurationPlatforms) = preSolution
		Debug|Any CPU = Debug|Any CPU
		Release|Any CPU = Release|Any CPU
	EndGlobalSection
	GlobalSection(ProjectConfigurationPlatforms) = postSolution
		{7582BC9B-F7C5-4B3A-B140-2BEE96E2050A}.Debug|Any CPU.ActiveCfg = Debug|Any CPU
		{7582BC9B-F7C5-4B3A-B140-2BEE96E2050A}.Debug|Any CPU.Build.0 = Debug|Any CPU
		{7582BC9B-F7C5-4B3A-B140-2BEE96E2050A}.Release|Any CPU.ActiveCfg = Release|Any CPU
		{7582BC9B-F7C5-4B3A-B140-2BEE96E2050A}.Release|Any CPU.Build.0 = Release|Any CPU
	EndGlobalSection
	GlobalSection(SolutionProperties) = preSolution
		HideSolutionNode = FALSE
	EndGlobalSection
	GlobalSection(ExtensibilityGlobals) = postSolution
		SolutionGuid = {414B4C76-D30F-44A0-9215-E5E73A9AEB8C}
	EndGlobalSection
EndGlobal
