
Microsoft Visual Studio Solution File, Format Version 12.00
# Visual Studio Version 17
VisualStudioVersion = 17.5.33516.290
MinimumVisualStudioVersion = 10.0.40219.1
Project("{FAE04EC0-301F-11D3-BF4B-00C04F79EFBC}") = "2_display", "2_display\2_display.csproj", "{4FD23493-BA4A-4A91-A279-2F0D18761789}"
EndProject
Global
	GlobalSection(SolutionConfigurationPlatforms) = preSolution
		Debug|Any CPU = Debug|Any CPU
		Release|Any CPU = Release|Any CPU
	EndGlobalSection
	GlobalSection(ProjectConfigurationPlatforms) = postSolution
		{4FD23493-BA4A-4A91-A279-2F0D18761789}.Debug|Any CPU.ActiveCfg = Debug|Any CPU
		{4FD23493-BA4A-4A91-A279-2F0D18761789}.Debug|Any CPU.Build.0 = Debug|Any CPU
		{4FD23493-BA4A-4A91-A279-2F0D18761789}.Release|Any CPU.ActiveCfg = Release|Any CPU
		{4FD23493-BA4A-4A91-A279-2F0D18761789}.Release|Any CPU.Build.0 = Release|Any CPU
	EndGlobalSection
	GlobalSection(SolutionProperties) = preSolution
		HideSolutionNode = FALSE
	EndGlobalSection
	GlobalSection(ExtensibilityGlobals) = postSolution
		SolutionGuid = {373C3200-DCCB-4B6E-A5A1-F454A0BE1961}
	EndGlobalSection
EndGlobal
