
Microsoft Visual Studio Solution File, Format Version 12.00
# Visual Studio Version 17
VisualStudioVersion = 17.5.33530.505
MinimumVisualStudioVersion = 10.0.40219.1
Project("{FAE04EC0-301F-11D3-BF4B-00C04F79EFBC}") = "q.5_DictionaryNIkhil", "q.5_DictionaryNIkhil.csproj", "{427029E2-91D6-4612-A3A5-29DDEAC94F58}"
EndProject
Global
	GlobalSection(SolutionConfigurationPlatforms) = preSolution
		Debug|Any CPU = Debug|Any CPU
		Release|Any CPU = Release|Any CPU
	EndGlobalSection
	GlobalSection(ProjectConfigurationPlatforms) = postSolution
		{427029E2-91D6-4612-A3A5-29DDEAC94F58}.Debug|Any CPU.ActiveCfg = Debug|Any CPU
		{427029E2-91D6-4612-A3A5-29DDEAC94F58}.Debug|Any CPU.Build.0 = Debug|Any CPU
		{427029E2-91D6-4612-A3A5-29DDEAC94F58}.Release|Any CPU.ActiveCfg = Release|Any CPU
		{427029E2-91D6-4612-A3A5-29DDEAC94F58}.Release|Any CPU.Build.0 = Release|Any CPU
	EndGlobalSection
	GlobalSection(SolutionProperties) = preSolution
		HideSolutionNode = FALSE
	EndGlobalSection
	GlobalSection(ExtensibilityGlobals) = postSolution
		SolutionGuid = {33F99CCF-8C76-4FB8-AD12-A4994D7D4187}
	EndGlobalSection
EndGlobal
