
Microsoft Visual Studio Solution File, Format Version 12.00
# Visual Studio Version 17
VisualStudioVersion = 17.5.33530.505
MinimumVisualStudioVersion = 10.0.40219.1
Project("{FAE04EC0-301F-11D3-BF4B-00C04F79EFBC}") = "q4.GenericNIkhil", "q4.GenericNIkhil.csproj", "{CCF6466B-2A5B-408B-8C6B-7187D5010065}"
EndProject
Global
	GlobalSection(SolutionConfigurationPlatforms) = preSolution
		Debug|Any CPU = Debug|Any CPU
		Release|Any CPU = Release|Any CPU
	EndGlobalSection
	GlobalSection(ProjectConfigurationPlatforms) = postSolution
		{CCF6466B-2A5B-408B-8C6B-7187D5010065}.Debug|Any CPU.ActiveCfg = Debug|Any CPU
		{CCF6466B-2A5B-408B-8C6B-7187D5010065}.Debug|Any CPU.Build.0 = Debug|Any CPU
		{CCF6466B-2A5B-408B-8C6B-7187D5010065}.Release|Any CPU.ActiveCfg = Release|Any CPU
		{CCF6466B-2A5B-408B-8C6B-7187D5010065}.Release|Any CPU.Build.0 = Release|Any CPU
	EndGlobalSection
	GlobalSection(SolutionProperties) = preSolution
		HideSolutionNode = FALSE
	EndGlobalSection
	GlobalSection(ExtensibilityGlobals) = postSolution
		SolutionGuid = {6BF2276D-F35E-4843-8495-8398ACC267A8}
	EndGlobalSection
EndGlobal
